
Microsoft Visual Studio Solution File, Format Version 12.00
# Visual Studio Version 17
VisualStudioVersion = 17.7.34221.43
MinimumVisualStudioVersion = 10.0.40219.1
Project("{8BC9CEB8-8B4A-11D0-8D11-00A0C91BC942}") = "Cleaning_Service Project", "Cleaning_Service Project.vcxproj", "{A6534213-4390-447F-AF96-0382F461FAC1}"
EndProject
Global
	GlobalSection(SolutionConfigurationPlatforms) = preSolution
		Debug|x64 = Debug|x64
		Debug|x86 = Debug|x86
		Release|x64 = Release|x64
		Release|x86 = Release|x86
	EndGlobalSection
	GlobalSection(ProjectConfigurationPlatforms) = postSolution
		{A6534213-4390-447F-AF96-0382F461FAC1}.Debug|x64.ActiveCfg = Debug|x64
		{A6534213-4390-447F-AF96-0382F461FAC1}.Debug|x64.Build.0 = Debug|x64
		{A6534213-4390-447F-AF96-0382F461FAC1}.Debug|x86.ActiveCfg = Debug|Win32
		{A6534213-4390-447F-AF96-0382F461FAC1}.Debug|x86.Build.0 = Debug|Win32
		{A6534213-4390-447F-AF96-0382F461FAC1}.Release|x64.ActiveCfg = Release|x64
		{A6534213-4390-447F-AF96-0382F461FAC1}.Release|x64.Build.0 = Release|x64
		{A6534213-4390-447F-AF96-0382F461FAC1}.Release|x86.ActiveCfg = Release|Win32
		{A6534213-4390-447F-AF96-0382F461FAC1}.Release|x86.Build.0 = Release|Win32
	EndGlobalSection
	GlobalSection(SolutionProperties) = preSolution
		HideSolutionNode = FALSE
	EndGlobalSection
	GlobalSection(ExtensibilityGlobals) = postSolution
		SolutionGuid = {29E74610-6558-4858-BA4F-7F8047086C0F}
	EndGlobalSection
EndGlobal
